
Microsoft Visual Studio Solution File, Format Version 12.00
# Visual Studio 2013
VisualStudioVersion = 12.0.30110.0
MinimumVisualStudioVersion = 10.0.40219.1
Project("{F2A71F9B-5D33-465A-A702-920D77279786}") = "WordCounter", "WordCounter\WordCounter.fsproj", "{9B64BD5E-198C-42BD-A038-8B87488DC7F4}"
EndProject
Project("{2150E333-8FDC-42A3-9474-1A3956D46DE8}") = "Solution Items", "Solution Items", "{B4FB07A8-FF96-4675-8210-8C5F20E6D9E9}"
	ProjectSection(SolutionItems) = preProject
		TextFile1.txt = TextFile1.txt
	EndProjectSection
EndProject
Project("{F2A71F9B-5D33-465A-A702-920D77279786}") = "ScaleOutCounter", "ScaleOutCounter\ScaleOutCounter.fsproj", "{7EC94BCF-F010-4280-9535-70AC45841EBC}"
EndProject
Project("{FAE04EC0-301F-11D3-BF4B-00C04F79EFBC}") = "CsCounter", "CsCounter\CsCounter.csproj", "{98871AF7-34E9-4C9F-BCB8-7FD58EB6EF00}"
EndProject
Project("{FAE04EC0-301F-11D3-BF4B-00C04F79EFBC}") = "CsCounterTests", "CsCounterTests\CsCounterTests.csproj", "{04280071-F1D4-498F-910A-A563653EFEBA}"
EndProject
Project("{FAE04EC0-301F-11D3-BF4B-00C04F79EFBC}") = "CsCounterRunner", "CsCounterRunner\CsCounterRunner.csproj", "{10040B57-8361-4F6B-AD61-777492CAAB49}"
EndProject
Global
	GlobalSection(SolutionConfigurationPlatforms) = preSolution
		Debug|Any CPU = Debug|Any CPU
		Release|Any CPU = Release|Any CPU
	EndGlobalSection
	GlobalSection(ProjectConfigurationPlatforms) = postSolution
		{9B64BD5E-198C-42BD-A038-8B87488DC7F4}.Debug|Any CPU.ActiveCfg = Debug|Any CPU
		{9B64BD5E-198C-42BD-A038-8B87488DC7F4}.Debug|Any CPU.Build.0 = Debug|Any CPU
		{9B64BD5E-198C-42BD-A038-8B87488DC7F4}.Release|Any CPU.ActiveCfg = Release|Any CPU
		{9B64BD5E-198C-42BD-A038-8B87488DC7F4}.Release|Any CPU.Build.0 = Release|Any CPU
		{7EC94BCF-F010-4280-9535-70AC45841EBC}.Debug|Any CPU.ActiveCfg = Debug|Any CPU
		{7EC94BCF-F010-4280-9535-70AC45841EBC}.Debug|Any CPU.Build.0 = Debug|Any CPU
		{7EC94BCF-F010-4280-9535-70AC45841EBC}.Release|Any CPU.ActiveCfg = Release|Any CPU
		{7EC94BCF-F010-4280-9535-70AC45841EBC}.Release|Any CPU.Build.0 = Release|Any CPU
		{98871AF7-34E9-4C9F-BCB8-7FD58EB6EF00}.Debug|Any CPU.ActiveCfg = Debug|Any CPU
		{98871AF7-34E9-4C9F-BCB8-7FD58EB6EF00}.Debug|Any CPU.Build.0 = Debug|Any CPU
		{98871AF7-34E9-4C9F-BCB8-7FD58EB6EF00}.Release|Any CPU.ActiveCfg = Release|Any CPU
		{98871AF7-34E9-4C9F-BCB8-7FD58EB6EF00}.Release|Any CPU.Build.0 = Release|Any CPU
		{04280071-F1D4-498F-910A-A563653EFEBA}.Debug|Any CPU.ActiveCfg = Debug|Any CPU
		{04280071-F1D4-498F-910A-A563653EFEBA}.Debug|Any CPU.Build.0 = Debug|Any CPU
		{04280071-F1D4-498F-910A-A563653EFEBA}.Release|Any CPU.ActiveCfg = Release|Any CPU
		{04280071-F1D4-498F-910A-A563653EFEBA}.Release|Any CPU.Build.0 = Release|Any CPU
		{10040B57-8361-4F6B-AD61-777492CAAB49}.Debug|Any CPU.ActiveCfg = Debug|Any CPU
		{10040B57-8361-4F6B-AD61-777492CAAB49}.Debug|Any CPU.Build.0 = Debug|Any CPU
		{10040B57-8361-4F6B-AD61-777492CAAB49}.Release|Any CPU.ActiveCfg = Release|Any CPU
		{10040B57-8361-4F6B-AD61-777492CAAB49}.Release|Any CPU.Build.0 = Release|Any CPU
	EndGlobalSection
	GlobalSection(SolutionProperties) = preSolution
		HideSolutionNode = FALSE
	EndGlobalSection
EndGlobal
